
Microsoft Visual Studio Solution File, Format Version 12.00
# Visual Studio 2013
VisualStudioVersion = 12.0.30723.0
MinimumVisualStudioVersion = 10.0.40219.1
Project("{FAE04EC0-301F-11D3-BF4B-00C04F79EFBC}") = "OctopusProjectUpdater", "OctopusProjectUpdater\OctopusProjectUpdater.csproj", "{B990115D-67CB-491E-852D-1F785698CE19}"
EndProject
Project("{FAE04EC0-301F-11D3-BF4B-00C04F79EFBC}") = "OctopusProjectUpdater.Tests", "OctopusProjectUpdater.Tests\OctopusProjectUpdater.Tests.csproj", "{1283C47A-0ECC-461C-8329-CED600AC24EA}"
EndProject
Global
	GlobalSection(SolutionConfigurationPlatforms) = preSolution
		Debug|Any CPU = Debug|Any CPU
		Release|Any CPU = Release|Any CPU
	EndGlobalSection
	GlobalSection(ProjectConfigurationPlatforms) = postSolution
		{B990115D-67CB-491E-852D-1F785698CE19}.Debug|Any CPU.ActiveCfg = Debug|Any CPU
		{B990115D-67CB-491E-852D-1F785698CE19}.Debug|Any CPU.Build.0 = Debug|Any CPU
		{B990115D-67CB-491E-852D-1F785698CE19}.Release|Any CPU.ActiveCfg = Release|Any CPU
		{B990115D-67CB-491E-852D-1F785698CE19}.Release|Any CPU.Build.0 = Release|Any CPU
		{1283C47A-0ECC-461C-8329-CED600AC24EA}.Debug|Any CPU.ActiveCfg = Debug|Any CPU
		{1283C47A-0ECC-461C-8329-CED600AC24EA}.Debug|Any CPU.Build.0 = Debug|Any CPU
		{1283C47A-0ECC-461C-8329-CED600AC24EA}.Release|Any CPU.ActiveCfg = Release|Any CPU
		{1283C47A-0ECC-461C-8329-CED600AC24EA}.Release|Any CPU.Build.0 = Release|Any CPU
	EndGlobalSection
	GlobalSection(SolutionProperties) = preSolution
		HideSolutionNode = FALSE
	EndGlobalSection
EndGlobal
